
Microsoft Visual Studio Solution File, Format Version 12.00
# Visual Studio Version 17
VisualStudioVersion = 17.9.34607.119
MinimumVisualStudioVersion = 10.0.40219.1
Project("{FAE04EC0-301F-11D3-BF4B-00C04F79EFBC}") = "Gamified", "Gamified\Gamified.csproj", "{6655A447-5D84-46C0-8920-D270CD621662}"
EndProject
Global
	GlobalSection(SolutionConfigurationPlatforms) = preSolution
		Debug|Any CPU = Debug|Any CPU
		Release|Any CPU = Release|Any CPU
	EndGlobalSection
	GlobalSection(ProjectConfigurationPlatforms) = postSolution
		{6655A447-5D84-46C0-8920-D270CD621662}.Debug|Any CPU.ActiveCfg = Debug|Any CPU
		{6655A447-5D84-46C0-8920-D270CD621662}.Debug|Any CPU.Build.0 = Debug|Any CPU
		{6655A447-5D84-46C0-8920-D270CD621662}.Release|Any CPU.ActiveCfg = Release|Any CPU
		{6655A447-5D84-46C0-8920-D270CD621662}.Release|Any CPU.Build.0 = Release|Any CPU
	EndGlobalSection
	GlobalSection(SolutionProperties) = preSolution
		HideSolutionNode = FALSE
	EndGlobalSection
	GlobalSection(ExtensibilityGlobals) = postSolution
		SolutionGuid = {BBC3DA53-BB0A-4638-865D-EE6E1817DBA2}
	EndGlobalSection
EndGlobal
